<?xml version="1.0" encoding="UTF-8" standalone="yes" ?>
<CodeBlocks_project_file>
	<FileVersion major="1" minor="6" />
	<Project>
		<Option title="names_work" />
		<Option pch_mode="2" />
		<Option compiler="gcc" />
		<Build>
			<Target title="Debug">
				<Option output="bin/Debug/names_work" prefix_auto="1" extension_auto="1" />
				<Option object_output="obj/Debug/" />
				<Option type="1" />
				<Option compiler="gcc" />
				<Compiler>
					<Add option="-g" />
				</Compiler>
			</Target>
			<Target title="adlint">
				<Option output="bin/Debug/names_work" prefix_auto="1" extension_auto="0" />
				<Option object_output="obj/adlint/" />
				<Option type="1" />
				<Option compiler="adlint" />
				<Option projectCompilerOptionsRelation="1" />
				<Compiler>
					<Add option="-p 3" />
				</Compiler>
			</Target>
		</Build>
		<Unit filename="../../../README.md">
			<Option target="Debug" />
		</Unit>
		<Unit filename="../../../arch/avr/gcc-vsmp/bugurt_config_example.h">
			<Option target="Debug" />
		</Unit>
		<Unit filename="../../../arch/avr/gcc-vsmp/bugurt_port.c">
			<Option compilerVar="CC" />
			<Option target="Debug" />
		</Unit>
		<Unit filename="../../../arch/avr/gcc-vsmp/bugurt_port.h">
			<Option target="Debug" />
		</Unit>
		<Unit filename="../../../arch/avr/gcc-vsmp/vsmp.c">
			<Option compilerVar="CC" />
			<Option target="Debug" />
		</Unit>
		<Unit filename="../../../arch/avr/gcc-vsmp/vsmp.h">
			<Option target="Debug" />
		</Unit>
		<Unit filename="../../../arch/avr/gcc/bugurt_config_example.h">
			<Option target="Debug" />
		</Unit>
		<Unit filename="../../../arch/avr/gcc/bugurt_port.c">
			<Option compilerVar="CC" />
			<Option target="Debug" />
		</Unit>
		<Unit filename="../../../arch/avr/gcc/bugurt_port.h">
			<Option target="Debug" />
		</Unit>
		<Unit filename="../../../arch/avr/gcc/bugurt_port_asm.S">
			<Option target="Debug" />
		</Unit>
		<Unit filename="../../../arch/avr/gcc/bugurt_proc_stack_init.c">
			<Option compilerVar="CC" />
			<Option target="Debug" />
		</Unit>
		<Unit filename="../../../arch/cm0/gcc/bugurt_config_example.h">
			<Option target="Debug" />
		</Unit>
		<Unit filename="../../../arch/cm0/gcc/bugurt_port.c">
			<Option compilerVar="CC" />
			<Option target="Debug" />
		</Unit>
		<Unit filename="../../../arch/cm0/gcc/bugurt_port.h">
			<Option target="Debug" />
		</Unit>
		<Unit filename="../../../arch/cm3/gcc/bugurt_config_example.h">
			<Option target="Debug" />
		</Unit>
		<Unit filename="../../../arch/cm3/gcc/bugurt_port.c">
			<Option compilerVar="CC" />
			<Option target="Debug" />
		</Unit>
		<Unit filename="../../../arch/cm3/gcc/bugurt_port.h">
			<Option target="Debug" />
		</Unit>
		<Unit filename="../../../arch/cm4f/gcc/bugurt_config_example.h">
			<Option target="Debug" />
		</Unit>
		<Unit filename="../../../arch/cm4f/gcc/bugurt_port.c">
			<Option compilerVar="CC" />
			<Option target="Debug" />
		</Unit>
		<Unit filename="../../../arch/cm4f/gcc/bugurt_port.h">
			<Option target="Debug" />
		</Unit>
		<Unit filename="../../../arch/common/atm_cortex_m34_1.h" />
		<Unit filename="../../../arch/common/atm_gen_1.h">
			<Option target="&lt;{~None~}&gt;" />
		</Unit>
		<Unit filename="../../../arch/stm8/iar/bugurt_config_example.h">
			<Option target="Debug" />
		</Unit>
		<Unit filename="../../../arch/stm8/iar/bugurt_port.c">
			<Option compilerVar="CC" />
			<Option target="Debug" />
		</Unit>
		<Unit filename="../../../arch/stm8/iar/bugurt_port.h">
			<Option target="Debug" />
		</Unit>
		<Unit filename="../../../arch/stm8/iar/bugurt_port_asm.S">
			<Option target="Debug" />
		</Unit>
		<Unit filename="../../../arch/stm8/iar/bugurt_proc_stack_init.c">
			<Option compilerVar="CC" />
			<Option target="Debug" />
		</Unit>
		<Unit filename="../../../arch/stm8/raisonance/bugurt_config_example.h">
			<Option target="Debug" />
		</Unit>
		<Unit filename="../../../arch/stm8/raisonance/bugurt_port.c">
			<Option compilerVar="CC" />
			<Option target="Debug" />
		</Unit>
		<Unit filename="../../../arch/stm8/raisonance/bugurt_port.h">
			<Option target="Debug" />
		</Unit>
		<Unit filename="../../../arch/stm8/raisonance/bugurt_proc_stack_init.c">
			<Option compilerVar="CC" />
			<Option target="Debug" />
		</Unit>
		<Unit filename="../../../arch/stm8/sdcc/bugurt_config_example.h">
			<Option target="Debug" />
		</Unit>
		<Unit filename="../../../arch/stm8/sdcc/bugurt_port.c">
			<Option compilerVar="CC" />
			<Option target="Debug" />
		</Unit>
		<Unit filename="../../../arch/stm8/sdcc/bugurt_port.h">
			<Option target="Debug" />
		</Unit>
		<Unit filename="../../../arch/stm8/sdcc/bugurt_proc_stack_init.c">
			<Option compilerVar="CC" />
			<Option target="Debug" />
		</Unit>
		<Unit filename="../../../doc/Changelog.md">
			<Option target="Debug" />
		</Unit>
		<Unit filename="../../../doc/GettingStartedEN.md">
			<Option target="Debug" />
		</Unit>
		<Unit filename="../../../doc/NewBranchDifferences.md">
			<Option target="Debug" />
		</Unit>
		<Unit filename="../../../kernel/bugurt.h" />
		<Unit filename="../../../kernel/crit_sec.c">
			<Option compilerVar="CC" />
		</Unit>
		<Unit filename="../../../kernel/crit_sec.h" />
		<Unit filename="../../../kernel/default/syscall_api.h" />
		<Unit filename="../../../kernel/default/syscall_routines.h" />
		<Unit filename="../../../kernel/default/syscall_table.h" />
		<Unit filename="../../../kernel/index.c">
			<Option compilerVar="CC" />
		</Unit>
		<Unit filename="../../../kernel/index.h" />
		<Unit filename="../../../kernel/item.c">
			<Option compilerVar="CC" />
		</Unit>
		<Unit filename="../../../kernel/item.h" />
		<Unit filename="../../../kernel/kernel.c">
			<Option compilerVar="CC" />
		</Unit>
		<Unit filename="../../../kernel/kernel.h" />
		<Unit filename="../../../kernel/pcounter.c">
			<Option compilerVar="CC" />
		</Unit>
		<Unit filename="../../../kernel/pcounter.h" />
		<Unit filename="../../../kernel/pitem.c">
			<Option compilerVar="CC" />
		</Unit>
		<Unit filename="../../../kernel/pitem.h" />
		<Unit filename="../../../kernel/proc.c">
			<Option compilerVar="CC" />
		</Unit>
		<Unit filename="../../../kernel/proc.h" />
		<Unit filename="../../../kernel/sched.c">
			<Option compilerVar="CC" />
		</Unit>
		<Unit filename="../../../kernel/sched.h" />
		<Unit filename="../../../kernel/sync.c">
			<Option compilerVar="CC" />
		</Unit>
		<Unit filename="../../../kernel/sync.h" />
		<Unit filename="../../../kernel/syscall.c">
			<Option compilerVar="CC" />
		</Unit>
		<Unit filename="../../../kernel/syscall.h" />
		<Unit filename="../../../kernel/timer.c">
			<Option compilerVar="CC" />
		</Unit>
		<Unit filename="../../../kernel/timer.h" />
		<Unit filename="../../../kernel/vint.c">
			<Option compilerVar="CC" />
		</Unit>
		<Unit filename="../../../kernel/vint.h" />
		<Unit filename="../../../kernel/xlist.c">
			<Option compilerVar="CC" />
		</Unit>
		<Unit filename="../../../kernel/xlist.h" />
		<Unit filename="../../../libs/native/cond.c">
			<Option compilerVar="CC" />
		</Unit>
		<Unit filename="../../../libs/native/cond.h" />
		<Unit filename="../../../libs/native/ipc.c">
			<Option compilerVar="CC" />
		</Unit>
		<Unit filename="../../../libs/native/ipc.h" />
		<Unit filename="../../../libs/native/mutex.c">
			<Option compilerVar="CC" />
		</Unit>
		<Unit filename="../../../libs/native/mutex.h" />
		<Unit filename="../../../libs/native/native.h" />
		<Unit filename="../../../libs/native/sem.c">
			<Option compilerVar="CC" />
		</Unit>
		<Unit filename="../../../libs/native/sem.h" />
		<Unit filename="../../arch/avr/gcc-vsmp/bugurt_config.h">
			<Option target="Debug" />
		</Unit>
		<Unit filename="../../arch/avr/gcc-vsmp/test_func.c">
			<Option compilerVar="CC" />
			<Option target="Debug" />
		</Unit>
		<Unit filename="../../arch/avr/gcc-vsmp/test_func.h">
			<Option target="Debug" />
		</Unit>
		<Unit filename="../../arch/avr/gcc/bugurt_config.h">
			<Option target="Debug" />
		</Unit>
		<Unit filename="../../arch/avr/gcc/libs/native/cond/main.c">
			<Option compilerVar="CC" />
			<Option target="Debug" />
		</Unit>
		<Unit filename="../../arch/avr/gcc/test_func.c">
			<Option compilerVar="CC" />
			<Option target="Debug" />
		</Unit>
		<Unit filename="../../arch/avr/gcc/test_func.h">
			<Option target="Debug" />
		</Unit>
		<Unit filename="../../arch/cm0/gcc/bugurt_config.h">
			<Option target="Debug" />
		</Unit>
		<Unit filename="../../arch/cm0/gcc/test_func.c">
			<Option compilerVar="CC" />
			<Option target="Debug" />
		</Unit>
		<Unit filename="../../arch/cm0/gcc/test_func.h">
			<Option target="Debug" />
		</Unit>
		<Unit filename="../../arch/cm3/gcc/bugurt_config.h">
			<Option target="Debug" />
		</Unit>
		<Unit filename="../../arch/cm3/gcc/test_func.c">
			<Option compilerVar="CC" />
			<Option target="Debug" />
		</Unit>
		<Unit filename="../../arch/cm3/gcc/test_func.h">
			<Option target="Debug" />
		</Unit>
		<Unit filename="../../arch/cm4f/gcc/bugurt_config.h">
			<Option target="Debug" />
		</Unit>
		<Unit filename="../../arch/cm4f/gcc/test_func.c">
			<Option compilerVar="CC" />
			<Option target="Debug" />
		</Unit>
		<Unit filename="../../arch/cm4f/gcc/test_func.h">
			<Option target="Debug" />
		</Unit>
		<Unit filename="../../arch/stm8/iar/bugurt_config.h">
			<Option target="Debug" />
		</Unit>
		<Unit filename="../../arch/stm8/iar/test_func.c">
			<Option compilerVar="CC" />
			<Option target="Debug" />
		</Unit>
		<Unit filename="../../arch/stm8/iar/test_func.h">
			<Option target="Debug" />
		</Unit>
		<Unit filename="../../arch/stm8/raisonance/bugurt_config.h">
			<Option target="Debug" />
		</Unit>
		<Unit filename="../../arch/stm8/raisonance/test_func.c">
			<Option compilerVar="CC" />
			<Option target="Debug" />
		</Unit>
		<Unit filename="../../arch/stm8/raisonance/test_func.h">
			<Option target="Debug" />
		</Unit>
		<Unit filename="../../arch/stm8/sdcc/bugurt_config.h">
			<Option target="Debug" />
		</Unit>
		<Unit filename="../../arch/stm8/sdcc/sched/main.c">
			<Option compilerVar="CC" />
			<Option target="Debug" />
		</Unit>
		<Unit filename="../../arch/stm8/sdcc/test_func.c">
			<Option compilerVar="CC" />
			<Option target="Debug" />
		</Unit>
		<Unit filename="../../arch/stm8/sdcc/test_func.h">
			<Option target="Debug" />
		</Unit>
		<Unit filename="../bsync/main.c">
			<Option compilerVar="CC" />
			<Option target="Debug" />
		</Unit>
		<Unit filename="../bugurt_config.h" />
		<Unit filename="../bugurt_port.h" />
		<Unit filename="../item/main.c">
			<Option compilerVar="CC" />
			<Option target="Debug" />
		</Unit>
		<Unit filename="../libs/native/ipc/main.c">
			<Option compilerVar="CC" />
			<Option target="Debug" />
		</Unit>
		<Unit filename="../libs/native/mutex/main.c">
			<Option compilerVar="CC" />
			<Option target="Debug" />
		</Unit>
		<Unit filename="../libs/native/sem/main.c">
			<Option compilerVar="CC" />
			<Option target="Debug" />
		</Unit>
		<Unit filename="../libs/native/cond/main.c">
			<Option compilerVar="CC" />
			<Option target="Debug" />
		</Unit>
		<Unit filename="../pitem/main.c">
			<Option compilerVar="CC" />
			<Option target="Debug" />
		</Unit>
		<Unit filename="../proc/main.c">
			<Option compilerVar="CC" />
			<Option target="Debug" />
		</Unit>
		<Unit filename="../sched/main.c">
			<Option compilerVar="CC" />
			<Option target="Debug" />
		</Unit>
		<Unit filename="../vint/main.c">
			<Option compilerVar="CC" />
			<Option target="Debug" />
		</Unit>
		<Unit filename="../xlist/main.c">
			<Option compilerVar="CC" />
			<Option target="Debug" />
		</Unit>
		<Extensions>
			<code_completion />
			<envvars />
			<debugger />
			<lib_finder disable_auto="1" />
		</Extensions>
	</Project>
</CodeBlocks_project_file>
