<?xml version="1.0" encoding="UTF-8" standalone="yes" ?>
<CodeBlocks_project_file>
	<FileVersion major="1" minor="6" />
	<Project>
		<Option title="vint" />
		<Option pch_mode="2" />
		<Option compiler="gcc" />
		<Build>
			<Target title="Debug">
				<Option output="bin/Debug/vint" prefix_auto="1" extension_auto="1" />
				<Option object_output="obj/Debug/" />
				<Option type="1" />
				<Option compiler="gcc" />
				<Compiler>
					<Add option="-g" />
				</Compiler>
			</Target>
		</Build>
		<Compiler>
			<Add option="-Wall" />
			<Add option='-I &quot;${PROJECT_DIR}/../../../kernel&quot;' />
			<Add option='-I &quot;${PROJECT_DIR}/../../../kernel/default&quot;' />
			<Add option='-I &quot;${PROJECT_DIR}/../&quot;' />
		</Compiler>
		<Unit filename="../../../kernel/bugurt.h" />
		<Unit filename="../../../kernel/index.c">
			<Option compilerVar="CC" />
		</Unit>
		<Unit filename="../../../kernel/index.h" />
		<Unit filename="../../../kernel/item.c">
			<Option compilerVar="CC" />
		</Unit>
		<Unit filename="../../../kernel/item.h" />
		<Unit filename="../../../kernel/pitem.c">
			<Option compilerVar="CC" />
		</Unit>
		<Unit filename="../../../kernel/pitem.h" />
		<Unit filename="../../../kernel/vint.c">
			<Option compilerVar="CC" />
		</Unit>
		<Unit filename="../../../kernel/vint.h" />
		<Unit filename="../../../kernel/xlist.c">
			<Option compilerVar="CC" />
		</Unit>
		<Unit filename="../../../kernel/xlist.h" />
		<Unit filename="../bugurt_config.h" />
		<Unit filename="../bugurt_port.h" />
		<Unit filename="main.c">
			<Option compilerVar="CC" />
		</Unit>
		<Extensions>
			<code_completion />
			<envvars />
			<debugger />
			<lib_finder disable_auto="1" />
		</Extensions>
	</Project>
</CodeBlocks_project_file>
